
Microsoft Visual Studio Solution File, Format Version 12.00
# Visual Studio Version 17
VisualStudioVersion = 17.9.34321.82
MinimumVisualStudioVersion = 10.0.40219.1
Project("{FAE04EC0-301F-11D3-BF4B-00C04F79EFBC}") = "MovieCRUD", "MovieCRUD\MovieCRUD.csproj", "{0590EC57-044C-4B73-AB5B-471EE7C0266C}"
EndProject
Global
	GlobalSection(SolutionConfigurationPlatforms) = preSolution
		Debug|Any CPU = Debug|Any CPU
		Release|Any CPU = Release|Any CPU
	EndGlobalSection
	GlobalSection(ProjectConfigurationPlatforms) = postSolution
		{0590EC57-044C-4B73-AB5B-471EE7C0266C}.Debug|Any CPU.ActiveCfg = Debug|Any CPU
		{0590EC57-044C-4B73-AB5B-471EE7C0266C}.Debug|Any CPU.Build.0 = Debug|Any CPU
		{0590EC57-044C-4B73-AB5B-471EE7C0266C}.Release|Any CPU.ActiveCfg = Release|Any CPU
		{0590EC57-044C-4B73-AB5B-471EE7C0266C}.Release|Any CPU.Build.0 = Release|Any CPU
	EndGlobalSection
	GlobalSection(SolutionProperties) = preSolution
		HideSolutionNode = FALSE
	EndGlobalSection
	GlobalSection(ExtensibilityGlobals) = postSolution
		SolutionGuid = {8618D027-804A-46B2-B049-8F7FDA32E9BE}
	EndGlobalSection
EndGlobal
